
Microsoft Visual Studio Solution File, Format Version 12.00
# Visual Studio 14
VisualStudioVersion = 14.0.24720.0
MinimumVisualStudioVersion = 10.0.40219.1
Project("{FAE04EC0-301F-11D3-BF4B-00C04F79EFBC}") = "SistemaMarketing", "SistemaMarketing\SistemaMarketing.csproj", "{3E2D2953-A95A-4F1E-8C02-A52CBA27E84A}"
EndProject
Project("{FAE04EC0-301F-11D3-BF4B-00C04F79EFBC}") = "Marketing.Repositorios", "Marketing.Repositorios\Marketing.Repositorios.csproj", "{08DE9854-AE46-4F2F-8D15-FEBA8AFFB929}"
EndProject
Project("{FAE04EC0-301F-11D3-BF4B-00C04F79EFBC}") = "Marketing.Servicios", "Marketing.Servicios\Marketing.Servicios.csproj", "{8B1D6875-0369-4F48-924A-422D30966F30}"
EndProject
Global
	GlobalSection(SolutionConfigurationPlatforms) = preSolution
		Debug|Any CPU = Debug|Any CPU
		Release|Any CPU = Release|Any CPU
	EndGlobalSection
	GlobalSection(ProjectConfigurationPlatforms) = postSolution
		{3E2D2953-A95A-4F1E-8C02-A52CBA27E84A}.Debug|Any CPU.ActiveCfg = Debug|Any CPU
		{3E2D2953-A95A-4F1E-8C02-A52CBA27E84A}.Debug|Any CPU.Build.0 = Debug|Any CPU
		{3E2D2953-A95A-4F1E-8C02-A52CBA27E84A}.Release|Any CPU.ActiveCfg = Release|Any CPU
		{3E2D2953-A95A-4F1E-8C02-A52CBA27E84A}.Release|Any CPU.Build.0 = Release|Any CPU
		{08DE9854-AE46-4F2F-8D15-FEBA8AFFB929}.Debug|Any CPU.ActiveCfg = Debug|Any CPU
		{08DE9854-AE46-4F2F-8D15-FEBA8AFFB929}.Debug|Any CPU.Build.0 = Debug|Any CPU
		{08DE9854-AE46-4F2F-8D15-FEBA8AFFB929}.Release|Any CPU.ActiveCfg = Release|Any CPU
		{08DE9854-AE46-4F2F-8D15-FEBA8AFFB929}.Release|Any CPU.Build.0 = Release|Any CPU
		{8B1D6875-0369-4F48-924A-422D30966F30}.Debug|Any CPU.ActiveCfg = Debug|Any CPU
		{8B1D6875-0369-4F48-924A-422D30966F30}.Debug|Any CPU.Build.0 = Debug|Any CPU
		{8B1D6875-0369-4F48-924A-422D30966F30}.Release|Any CPU.ActiveCfg = Release|Any CPU
		{8B1D6875-0369-4F48-924A-422D30966F30}.Release|Any CPU.Build.0 = Release|Any CPU
	EndGlobalSection
	GlobalSection(SolutionProperties) = preSolution
		HideSolutionNode = FALSE
	EndGlobalSection
EndGlobal
